// !$*UTF8*$!
{
	archiveVersion = 1;
	classes = {
	};
	objectVersion = 50;
	objects = {

/* Begin PBXBuildFile section */
		173D90A7BFCB77411CC7732D /* Pods_CatalystArchiveGRPC.framework in Frameworks */ = {isa = PBXBuildFile; fileRef = DAFFFF21A64A28181B3AFBD1 /* Pods_CatalystArchiveGRPC.framework */; };
		DE11B32723525F320040DF5B /* AppDelegate.swift in Sources */ = {isa = PBXBuildFile; fileRef = DE11B32623525F320040DF5B /* AppDelegate.swift */; };
		DE11B32923525F320040DF5B /* SceneDelegate.swift in Sources */ = {isa = PBXBuildFile; fileRef = DE11B32823525F320040DF5B /* SceneDelegate.swift */; };
		DE11B32B23525F320040DF5B /* ContentView.swift in Sources */ = {isa = PBXBuildFile; fileRef = DE11B32A23525F320040DF5B /* ContentView.swift */; };
		DE11B32D23525F340040DF5B /* Assets.xcassets in Resources */ = {isa = PBXBuildFile; fileRef = DE11B32C23525F340040DF5B /* Assets.xcassets */; };
		DE11B33023525F340040DF5B /* Preview Assets.xcassets in Resources */ = {isa = PBXBuildFile; fileRef = DE11B32F23525F340040DF5B /* Preview Assets.xcassets */; };
		DE11B33323525F340040DF5B /* LaunchScreen.storyboard in Resources */ = {isa = PBXBuildFile; fileRef = DE11B33123525F340040DF5B /* LaunchScreen.storyboard */; };
/* End PBXBuildFile section */

/* Begin PBXFileReference section */
		40B02871D1F592CE01F9246B /* Pods-CatalystArchiveGRPC.release.xcconfig */ = {isa = PBXFileReference; includeInIndex = 1; lastKnownFileType = text.xcconfig; name = "Pods-CatalystArchiveGRPC.release.xcconfig"; path = "Target Support Files/Pods-CatalystArchiveGRPC/Pods-CatalystArchiveGRPC.release.xcconfig"; sourceTree = "<group>"; };
		BE96E5E09A06FA904F0648A8 /* Pods-CatalystArchiveGRPC.debug.xcconfig */ = {isa = PBXFileReference; includeInIndex = 1; lastKnownFileType = text.xcconfig; name = "Pods-CatalystArchiveGRPC.debug.xcconfig"; path = "Target Support Files/Pods-CatalystArchiveGRPC/Pods-CatalystArchiveGRPC.debug.xcconfig"; sourceTree = "<group>"; };
		DAFFFF21A64A28181B3AFBD1 /* Pods_CatalystArchiveGRPC.framework */ = {isa = PBXFileReference; explicitFileType = wrapper.framework; includeInIndex = 0; path = Pods_CatalystArchiveGRPC.framework; sourceTree = BUILT_PRODUCTS_DIR; };
		DE11B32323525F320040DF5B /* CatalystArchiveGRPC.app */ = {isa = PBXFileReference; explicitFileType = wrapper.application; includeInIndex = 0; path = CatalystArchiveGRPC.app; sourceTree = BUILT_PRODUCTS_DIR; };
		DE11B32623525F320040DF5B /* AppDelegate.swift */ = {isa = PBXFileReference; lastKnownFileType = sourcecode.swift; path = AppDelegate.swift; sourceTree = "<group>"; };
		DE11B32823525F320040DF5B /* SceneDelegate.swift */ = {isa = PBXFileReference; lastKnownFileType = sourcecode.swift; path = SceneDelegate.swift; sourceTree = "<group>"; };
		DE11B32A23525F320040DF5B /* ContentView.swift */ = {isa = PBXFileReference; lastKnownFileType = sourcecode.swift; path = ContentView.swift; sourceTree = "<group>"; };
		DE11B32C23525F340040DF5B /* Assets.xcassets */ = {isa = PBXFileReference; lastKnownFileType = folder.assetcatalog; path = Assets.xcassets; sourceTree = "<group>"; };
		DE11B32F23525F340040DF5B /* Preview Assets.xcassets */ = {isa = PBXFileReference; lastKnownFileType = folder.assetcatalog; path = "Preview Assets.xcassets"; sourceTree = "<group>"; };
		DE11B33223525F340040DF5B /* Base */ = {isa = PBXFileReference; lastKnownFileType = file.storyboard; name = Base; path = Base.lproj/LaunchScreen.storyboard; sourceTree = "<group>"; };
		DE11B33423525F340040DF5B /* Info.plist */ = {isa = PBXFileReference; lastKnownFileType = text.plist.xml; path = Info.plist; sourceTree = "<group>"; };
		DE11B33A23525F440040DF5B /* CatalystArchiveGRPC.entitlements */ = {isa = PBXFileReference; lastKnownFileType = text.plist.entitlements; path = CatalystArchiveGRPC.entitlements; sourceTree = "<group>"; };
/* End PBXFileReference section */

/* Begin PBXFrameworksBuildPhase section */
		DE11B32023525F320040DF5B /* Frameworks */ = {
			isa = PBXFrameworksBuildPhase;
			buildActionMask = 2147483647;
			files = (
				173D90A7BFCB77411CC7732D /* Pods_CatalystArchiveGRPC.framework in Frameworks */,
			);
			runOnlyForDeploymentPostprocessing = 0;
		};
/* End PBXFrameworksBuildPhase section */

/* Begin PBXGroup section */
		6188560AB2B106F1C218DDB0 /* Pods */ = {
			isa = PBXGroup;
			children = (
				BE96E5E09A06FA904F0648A8 /* Pods-CatalystArchiveGRPC.debug.xcconfig */,
				40B02871D1F592CE01F9246B /* Pods-CatalystArchiveGRPC.release.xcconfig */,
			);
			name = Pods;
			path = Pods;
			sourceTree = "<group>";
		};
		D8A8CDEE51990A16B7F2A992 /* Frameworks */ = {
			isa = PBXGroup;
			children = (
				DAFFFF21A64A28181B3AFBD1 /* Pods_CatalystArchiveGRPC.framework */,
			);
			name = Frameworks;
			sourceTree = "<group>";
		};
		DE11B31A23525F320040DF5B = {
			isa = PBXGroup;
			children = (
				DE11B32523525F320040DF5B /* CatalystArchiveGRPC */,
				DE11B32423525F320040DF5B /* Products */,
				6188560AB2B106F1C218DDB0 /* Pods */,
				D8A8CDEE51990A16B7F2A992 /* Frameworks */,
			);
			sourceTree = "<group>";
		};
		DE11B32423525F320040DF5B /* Products */ = {
			isa = PBXGroup;
			children = (
				DE11B32323525F320040DF5B /* CatalystArchiveGRPC.app */,
			);
			name = Products;
			sourceTree = "<group>";
		};
		DE11B32523525F320040DF5B /* CatalystArchiveGRPC */ = {
			isa = PBXGroup;
			children = (
				DE11B33A23525F440040DF5B /* CatalystArchiveGRPC.entitlements */,
				DE11B32623525F320040DF5B /* AppDelegate.swift */,
				DE11B32823525F320040DF5B /* SceneDelegate.swift */,
				DE11B32A23525F320040DF5B /* ContentView.swift */,
				DE11B32C23525F340040DF5B /* Assets.xcassets */,
				DE11B33123525F340040DF5B /* LaunchScreen.storyboard */,
				DE11B33423525F340040DF5B /* Info.plist */,
				DE11B32E23525F340040DF5B /* Preview Content */,
			);
			path = CatalystArchiveGRPC;
			sourceTree = "<group>";
		};
		DE11B32E23525F340040DF5B /* Preview Content */ = {
			isa = PBXGroup;
			children = (
				DE11B32F23525F340040DF5B /* Preview Assets.xcassets */,
			);
			path = "Preview Content";
			sourceTree = "<group>";
		};
/* End PBXGroup section */

/* Begin PBXNativeTarget section */
		DE11B32223525F320040DF5B /* CatalystArchiveGRPC */ = {
			isa = PBXNativeTarget;
			buildConfigurationList = DE11B33723525F340040DF5B /* Build configuration list for PBXNativeTarget "CatalystArchiveGRPC" */;
			buildPhases = (
				4160E10C2F24BFF43F6796F3 /* [CP] Check Pods Manifest.lock */,
				DE11B31F23525F320040DF5B /* Sources */,
				DE11B32023525F320040DF5B /* Frameworks */,
				DE11B32123525F320040DF5B /* Resources */,
				EDAA428B53327378ECB3C966 /* [CP] Embed Pods Frameworks */,
			);
			buildRules = (
			);
			dependencies = (
			);
			name = CatalystArchiveGRPC;
			productName = CatalystArchiveGRPC;
			productReference = DE11B32323525F320040DF5B /* CatalystArchiveGRPC.app */;
			productType = "com.apple.product-type.application";
		};
/* End PBXNativeTarget section */

/* Begin PBXProject section */
		DE11B31B23525F320040DF5B /* Project object */ = {
			isa = PBXProject;
			attributes = {
				LastSwiftUpdateCheck = 1110;
				LastUpgradeCheck = 1110;
				ORGANIZATIONNAME = "Paul Beusterien";
				TargetAttributes = {
					DE11B32223525F320040DF5B = {
						CreatedOnToolsVersion = 11.1;
					};
				};
			};
			buildConfigurationList = DE11B31E23525F320040DF5B /* Build configuration list for PBXProject "CatalystArchiveGRPC" */;
			compatibilityVersion = "Xcode 9.3";
			developmentRegion = en;
			hasScannedForEncodings = 0;
			knownRegions = (
				en,
				Base,
			);
			mainGroup = DE11B31A23525F320040DF5B;
			productRefGroup = DE11B32423525F320040DF5B /* Products */;
			projectDirPath = "";
			projectRoot = "";
			targets = (
				DE11B32223525F320040DF5B /* CatalystArchiveGRPC */,
			);
		};
/* End PBXProject section */

/* Begin PBXResourcesBuildPhase section */
		DE11B32123525F320040DF5B /* Resources */ = {
			isa = PBXResourcesBuildPhase;
			buildActionMask = 2147483647;
			files = (
				DE11B33323525F340040DF5B /* LaunchScreen.storyboard in Resources */,
				DE11B33023525F340040DF5B /* Preview Assets.xcassets in Resources */,
				DE11B32D23525F340040DF5B /* Assets.xcassets in Resources */,
			);
			runOnlyForDeploymentPostprocessing = 0;
		};
/* End PBXResourcesBuildPhase section */

/* Begin PBXShellScriptBuildPhase section */
		4160E10C2F24BFF43F6796F3 /* [CP] Check Pods Manifest.lock */ = {
			isa = PBXShellScriptBuildPhase;
			buildActionMask = 2147483647;
			files = (
			);
			inputFileListPaths = (
			);
			inputPaths = (
				"${PODS_PODFILE_DIR_PATH}/Podfile.lock",
				"${PODS_ROOT}/Manifest.lock",
			);
			name = "[CP] Check Pods Manifest.lock";
			outputFileListPaths = (
			);
			outputPaths = (
				"$(DERIVED_FILE_DIR)/Pods-CatalystArchiveGRPC-checkManifestLockResult.txt",
			);
			runOnlyForDeploymentPostprocessing = 0;
			shellPath = /bin/sh;
			shellScript = "diff \"${PODS_PODFILE_DIR_PATH}/Podfile.lock\" \"${PODS_ROOT}/Manifest.lock\" > /dev/null\nif [ $? != 0 ] ; then\n    # print error to STDERR\n    echo \"error: The sandbox is not in sync with the Podfile.lock. Run 'pod install' or update your CocoaPods installation.\" >&2\n    exit 1\nfi\n# This output is used by Xcode 'outputs' to avoid re-running this script phase.\necho \"SUCCESS\" > \"${SCRIPT_OUTPUT_FILE_0}\"\n";
			showEnvVarsInLog = 0;
		};
		EDAA428B53327378ECB3C966 /* [CP] Embed Pods Frameworks */ = {
			isa = PBXShellScriptBuildPhase;
			buildActionMask = 2147483647;
			files = (
			);
			inputFileListPaths = (
				"${PODS_ROOT}/Target Support Files/Pods-CatalystArchiveGRPC/Pods-CatalystArchiveGRPC-frameworks-${CONFIGURATION}-input-files.xcfilelist",
			);
			name = "[CP] Embed Pods Frameworks";
			outputFileListPaths = (
				"${PODS_ROOT}/Target Support Files/Pods-CatalystArchiveGRPC/Pods-CatalystArchiveGRPC-frameworks-${CONFIGURATION}-output-files.xcfilelist",
			);
			runOnlyForDeploymentPostprocessing = 0;
			shellPath = /bin/sh;
			shellScript = "\"${PODS_ROOT}/Target Support Files/Pods-CatalystArchiveGRPC/Pods-CatalystArchiveGRPC-frameworks.sh\"\n";
			showEnvVarsInLog = 0;
		};
/* End PBXShellScriptBuildPhase section */

/* Begin PBXSourcesBuildPhase section */
		DE11B31F23525F320040DF5B /* Sources */ = {
			isa = PBXSourcesBuildPhase;
			buildActionMask = 2147483647;
			files = (
				DE11B32723525F320040DF5B /* AppDelegate.swift in Sources */,
				DE11B32923525F320040DF5B /* SceneDelegate.swift in Sources */,
				DE11B32B23525F320040DF5B /* ContentView.swift in Sources */,
			);
			runOnlyForDeploymentPostprocessing = 0;
		};
/* End PBXSourcesBuildPhase section */

/* Begin PBXVariantGroup section */
		DE11B33123525F340040DF5B /* LaunchScreen.storyboard */ = {
			isa = PBXVariantGroup;
			children = (
				DE11B33223525F340040DF5B /* Base */,
			);
			name = LaunchScreen.storyboard;
			sourceTree = "<group>";
		};
/* End PBXVariantGroup section */

/* Begin XCBuildConfiguration section */
		DE11B33523525F340040DF5B /* Debug */ = {
			isa = XCBuildConfiguration;
			buildSettings = {
				ALWAYS_SEARCH_USER_PATHS = NO;
				CLANG_ANALYZER_NONNULL = YES;
				CLANG_ANALYZER_NUMBER_OBJECT_CONVERSION = YES_AGGRESSIVE;
				CLANG_CXX_LANGUAGE_STANDARD = "gnu++14";
				CLANG_CXX_LIBRARY = "libc++";
				CLANG_ENABLE_MODULES = YES;
				CLANG_ENABLE_OBJC_ARC = YES;
				CLANG_ENABLE_OBJC_WEAK = YES;
				CLANG_WARN_BLOCK_CAPTURE_AUTORELEASING = YES;
				CLANG_WARN_BOOL_CONVERSION = YES;
				CLANG_WARN_COMMA = YES;
				CLANG_WARN_CONSTANT_CONVERSION = YES;
				CLANG_WARN_DEPRECATED_OBJC_IMPLEMENTATIONS = YES;
				CLANG_WARN_DIRECT_OBJC_ISA_USAGE = YES_ERROR;
				CLANG_WARN_DOCUMENTATION_COMMENTS = YES;
				CLANG_WARN_EMPTY_BODY = YES;
				CLANG_WARN_ENUM_CONVERSION = YES;
				CLANG_WARN_INFINITE_RECURSION = YES;
				CLANG_WARN_INT_CONVERSION = YES;
				CLANG_WARN_NON_LITERAL_NULL_CONVERSION = YES;
				CLANG_WARN_OBJC_IMPLICIT_RETAIN_SELF = YES;
				CLANG_WARN_OBJC_LITERAL_CONVERSION = YES;
				CLANG_WARN_OBJC_ROOT_CLASS = YES_ERROR;
				CLANG_WARN_RANGE_LOOP_ANALYSIS = YES;
				CLANG_WARN_STRICT_PROTOTYPES = YES;
				CLANG_WARN_SUSPICIOUS_MOVE = YES;
				CLANG_WARN_UNGUARDED_AVAILABILITY = YES_AGGRESSIVE;
				CLANG_WARN_UNREACHABLE_CODE = YES;
				CLANG_WARN__DUPLICATE_METHOD_MATCH = YES;
				COPY_PHASE_STRIP = NO;
				DEBUG_INFORMATION_FORMAT = dwarf;
				ENABLE_STRICT_OBJC_MSGSEND = YES;
				ENABLE_TESTABILITY = YES;
				GCC_C_LANGUAGE_STANDARD = gnu11;
				GCC_DYNAMIC_NO_PIC = NO;
				GCC_NO_COMMON_BLOCKS = YES;
				GCC_OPTIMIZATION_LEVEL = 0;
				GCC_PREPROCESSOR_DEFINITIONS = (
					"DEBUG=1",
					"$(inherited)",
				);
				GCC_WARN_64_TO_32_BIT_CONVERSION = YES;
				GCC_WARN_ABOUT_RETURN_TYPE = YES_ERROR;
				GCC_WARN_UNDECLARED_SELECTOR = YES;
				GCC_WARN_UNINITIALIZED_AUTOS = YES_AGGRESSIVE;
				GCC_WARN_UNUSED_FUNCTION = YES;
				GCC_WARN_UNUSED_VARIABLE = YES;
				IPHONEOS_DEPLOYMENT_TARGET = 13.1;
				MTL_ENABLE_DEBUG_INFO = INCLUDE_SOURCE;
				MTL_FAST_MATH = YES;
				ONLY_ACTIVE_ARCH = YES;
				SDKROOT = iphoneos;
				SWIFT_ACTIVE_COMPILATION_CONDITIONS = DEBUG;
				SWIFT_OPTIMIZATION_LEVEL = "-Onone";
			};
			name = Debug;
		};
		DE11B33623525F340040DF5B /* Release */ = {
			isa = XCBuildConfiguration;
			buildSettings = {
				ALWAYS_SEARCH_USER_PATHS = NO;
				CLANG_ANALYZER_NONNULL = YES;
				CLANG_ANALYZER_NUMBER_OBJECT_CONVERSION = YES_AGGRESSIVE;
				CLANG_CXX_LANGUAGE_STANDARD = "gnu++14";
				CLANG_CXX_LIBRARY = "libc++";
				CLANG_ENABLE_MODULES = YES;
				CLANG_ENABLE_OBJC_ARC = YES;
				CLANG_ENABLE_OBJC_WEAK = YES;
				CLANG_WARN_BLOCK_CAPTURE_AUTORELEASING = YES;
				CLANG_WARN_BOOL_CONVERSION = YES;
				CLANG_WARN_COMMA = YES;
				CLANG_WARN_CONSTANT_CONVERSION = YES;
				CLANG_WARN_DEPRECATED_OBJC_IMPLEMENTATIONS = YES;
				CLANG_WARN_DIRECT_OBJC_ISA_USAGE = YES_ERROR;
				CLANG_WARN_DOCUMENTATION_COMMENTS = YES;
				CLANG_WARN_EMPTY_BODY = YES;
				CLANG_WARN_ENUM_CONVERSION = YES;
				CLANG_WARN_INFINITE_RECURSION = YES;
				CLANG_WARN_INT_CONVERSION = YES;
				CLANG_WARN_NON_LITERAL_NULL_CONVERSION = YES;
				CLANG_WARN_OBJC_IMPLICIT_RETAIN_SELF = YES;
				CLANG_WARN_OBJC_LITERAL_CONVERSION = YES;
				CLANG_WARN_OBJC_ROOT_CLASS = YES_ERROR;
				CLANG_WARN_RANGE_LOOP_ANALYSIS = YES;
				CLANG_WARN_STRICT_PROTOTYPES = YES;
				CLANG_WARN_SUSPICIOUS_MOVE = YES;
				CLANG_WARN_UNGUARDED_AVAILABILITY = YES_AGGRESSIVE;
				CLANG_WARN_UNREACHABLE_CODE = YES;
				CLANG_WARN__DUPLICATE_METHOD_MATCH = YES;
				COPY_PHASE_STRIP = NO;
				DEBUG_INFORMATION_FORMAT = "dwarf-with-dsym";
				ENABLE_NS_ASSERTIONS = NO;
				ENABLE_STRICT_OBJC_MSGSEND = YES;
				GCC_C_LANGUAGE_STANDARD = gnu11;
				GCC_NO_COMMON_BLOCKS = YES;
				GCC_WARN_64_TO_32_BIT_CONVERSION = YES;
				GCC_WARN_ABOUT_RETURN_TYPE = YES_ERROR;
				GCC_WARN_UNDECLARED_SELECTOR = YES;
				GCC_WARN_UNINITIALIZED_AUTOS = YES_AGGRESSIVE;
				GCC_WARN_UNUSED_FUNCTION = YES;
				GCC_WARN_UNUSED_VARIABLE = YES;
				IPHONEOS_DEPLOYMENT_TARGET = 13.1;
				MTL_ENABLE_DEBUG_INFO = NO;
				MTL_FAST_MATH = YES;
				SDKROOT = iphoneos;
				SWIFT_COMPILATION_MODE = wholemodule;
				SWIFT_OPTIMIZATION_LEVEL = "-O";
				VALIDATE_PRODUCT = YES;
			};
			name = Release;
		};
		DE11B33823525F340040DF5B /* Debug */ = {
			isa = XCBuildConfiguration;
			baseConfigurationReference = BE96E5E09A06FA904F0648A8 /* Pods-CatalystArchiveGRPC.debug.xcconfig */;
			buildSettings = {
				ASSETCATALOG_COMPILER_APPICON_NAME = AppIcon;
				CODE_SIGN_ENTITLEMENTS = CatalystArchiveGRPC/CatalystArchiveGRPC.entitlements;
				CODE_SIGN_STYLE = Automatic;
				DERIVE_MACCATALYST_PRODUCT_BUNDLE_IDENTIFIER = YES;
				DEVELOPMENT_ASSET_PATHS = "\"CatalystArchiveGRPC/Preview Content\"";
				DEVELOPMENT_TEAM = W24VCQN5P5;
				ENABLE_PREVIEWS = YES;
				INFOPLIST_FILE = CatalystArchiveGRPC/Info.plist;
				LD_RUNPATH_SEARCH_PATHS = (
					"$(inherited)",
					"@executable_path/Frameworks",
				);
				PRODUCT_BUNDLE_IDENTIFIER = com.google.paulbeusterien.CatalystArchiveGRPC;
				PRODUCT_NAME = "$(TARGET_NAME)";
				SUPPORTS_MACCATALYST = YES;
				SWIFT_VERSION = 5.0;
				TARGETED_DEVICE_FAMILY = "1,2";
			};
			name = Debug;
		};
		DE11B33923525F340040DF5B /* Release */ = {
			isa = XCBuildConfiguration;
			baseConfigurationReference = 40B02871D1F592CE01F9246B /* Pods-CatalystArchiveGRPC.release.xcconfig */;
			buildSettings = {
				ASSETCATALOG_COMPILER_APPICON_NAME = AppIcon;
				CODE_SIGN_ENTITLEMENTS = CatalystArchiveGRPC/CatalystArchiveGRPC.entitlements;
				CODE_SIGN_STYLE = Automatic;
				DERIVE_MACCATALYST_PRODUCT_BUNDLE_IDENTIFIER = YES;
				DEVELOPMENT_ASSET_PATHS = "\"CatalystArchiveGRPC/Preview Content\"";
				DEVELOPMENT_TEAM = W24VCQN5P5;
				ENABLE_PREVIEWS = YES;
				INFOPLIST_FILE = CatalystArchiveGRPC/Info.plist;
				LD_RUNPATH_SEARCH_PATHS = (
					"$(inherited)",
					"@executable_path/Frameworks",
				);
				PRODUCT_BUNDLE_IDENTIFIER = com.google.paulbeusterien.CatalystArchiveGRPC;
				PRODUCT_NAME = "$(TARGET_NAME)";
				SUPPORTS_MACCATALYST = YES;
				SWIFT_VERSION = 5.0;
				TARGETED_DEVICE_FAMILY = "1,2";
			};
			name = Release;
		};
/* End XCBuildConfiguration section */

/* Begin XCConfigurationList section */
		DE11B31E23525F320040DF5B /* Build configuration list for PBXProject "CatalystArchiveGRPC" */ = {
			isa = XCConfigurationList;
			buildConfigurations = (
				DE11B33523525F340040DF5B /* Debug */,
				DE11B33623525F340040DF5B /* Release */,
			);
			defaultConfigurationIsVisible = 0;
			defaultConfigurationName = Release;
		};
		DE11B33723525F340040DF5B /* Build configuration list for PBXNativeTarget "CatalystArchiveGRPC" */ = {
			isa = XCConfigurationList;
			buildConfigurations = (
				DE11B33823525F340040DF5B /* Debug */,
				DE11B33923525F340040DF5B /* Release */,
			);
			defaultConfigurationIsVisible = 0;
			defaultConfigurationName = Release;
		};
/* End XCConfigurationList section */
	};
	rootObject = DE11B31B23525F320040DF5B /* Project object */;
}
